{
  "requires": true,
  "lockfileVersion": 1,
  "dependencies": {
    "@syncfusion/ej2-base": {
      "version": "18.4.31",
      "resolved": "https://registry.npmjs.org/@syncfusion/ej2-base/-/ej2-base-18.4.31.tgz",
      "integrity": "sha512-WT4SAqqk+igTs4jK6h8hylFd1VZWhuactRHSvVqdf1b3XHqG64BSyEEnMpQO3VynAkd66nNdnyUuaMPIIyCtdA==",
      "requires": {
        "@syncfusion/ej2-icons": "~18.4.30"
      }
    },
    "@syncfusion/ej2-buttons": {
      "version": "18.4.30",
      "resolved": "https://registry.npmjs.org/@syncfusion/ej2-buttons/-/ej2-buttons-18.4.30.tgz",
      "integrity": "sha512-rcsemtNOobwtmbsunYrpKDVFoBJ2R+M6tyhA+wWn0d/2CEgcJGaOvUCLIVECBKQTtIcqhOyxN5R6/VZDPHKVvQ==",
      "requires": {
        "@syncfusion/ej2-base": "~18.4.30"
      }
    },
    "@syncfusion/ej2-calendars": {
      "version": "18.4.31",
      "resolved": "https://registry.npmjs.org/@syncfusion/ej2-calendars/-/ej2-calendars-18.4.31.tgz",
      "integrity": "sha512-6H7qmk27CW2zQfmUkV35Q/Imv9JMk8t19tUQLWi0nV7rBmwnomhywZ3fHeJ7EKNJojrW0vo3LMF74I0hUXFvUg==",
      "requires": {
        "@syncfusion/ej2-base": "~18.4.31",
        "@syncfusion/ej2-buttons": "~18.4.30",
        "@syncfusion/ej2-inputs": "~18.4.31",
        "@syncfusion/ej2-lists": "~18.4.30",
        "@syncfusion/ej2-popups": "~18.4.30"
      }
    },
    "@syncfusion/ej2-compression": {
      "version": "18.4.30",
      "resolved": "https://registry.npmjs.org/@syncfusion/ej2-compression/-/ej2-compression-18.4.30.tgz",
      "integrity": "sha512-W9W/8XQRbs+23vnDSdeNGzU+pJovDESYKTtyLTgtXfqUat7BpZTCrEtnW7u+jC2RoLVPMjlHW06oB7yW6mC5Ag==",
      "requires": {
        "@syncfusion/ej2-file-utils": "~18.4.30"
      }
    },
    "@syncfusion/ej2-data": {
      "version": "18.4.30",
      "resolved": "https://registry.npmjs.org/@syncfusion/ej2-data/-/ej2-data-18.4.30.tgz",
      "integrity": "sha512-HQyB4yEAffuj394VZyUayfvyOzDL/IaNWQs2r6qXD2pZvAvWYq/NdK4PvfWNWFN9lO21IXUVK6TyH2F800ciJg==",
      "requires": {
        "@syncfusion/ej2-base": "~18.4.30"
      }
    },
    "@syncfusion/ej2-dropdowns": {
      "version": "18.4.31",
      "resolved": "https://registry.npmjs.org/@syncfusion/ej2-dropdowns/-/ej2-dropdowns-18.4.31.tgz",
      "integrity": "sha512-/gvrbv2UmG5mLkTM/ZSqCg36ufcQ/A+vS/uC4Gw5Tne+49r9jYpz/PyAcDdRn046ybs7YZy/bNR1CHM9iHewEw==",
      "requires": {
        "@syncfusion/ej2-base": "~18.4.31",
        "@syncfusion/ej2-data": "~18.4.30",
        "@syncfusion/ej2-inputs": "~18.4.31",
        "@syncfusion/ej2-lists": "~18.4.30",
        "@syncfusion/ej2-navigations": "~18.4.31",
        "@syncfusion/ej2-popups": "~18.4.30"
      }
    },
    "@syncfusion/ej2-excel-export": {
      "version": "18.4.30",
      "resolved": "https://registry.npmjs.org/@syncfusion/ej2-excel-export/-/ej2-excel-export-18.4.30.tgz",
      "integrity": "sha512-IQos0nS29h7iHxA/5Y61Y2ZwUK/SLiDWufmTfat/oqqhE/ggiZEyOxIDLhE6adpX3rUBaYqrrzXS5SMJd+y20Q==",
      "requires": {
        "@syncfusion/ej2-base": "~18.4.30",
        "@syncfusion/ej2-compression": "~18.4.30"
      }
    },
    "@syncfusion/ej2-file-utils": {
      "version": "18.4.30",
      "resolved": "https://registry.npmjs.org/@syncfusion/ej2-file-utils/-/ej2-file-utils-18.4.30.tgz",
      "integrity": "sha512-Iwqx3D6fbAN+remo0zgGf2tzHEM4qgAlPQhLyMFB3PgiREeksbJrnoA8DvZBo2DmMbDnZZrgd0hWRyHNKV9nFQ=="
    },
    "@syncfusion/ej2-filemanager": {
      "version": "18.4.30",
      "resolved": "https://registry.npmjs.org/@syncfusion/ej2-filemanager/-/ej2-filemanager-18.4.30.tgz",
      "integrity": "sha512-Akz8OvLkkS+DbToZeRBxsT4wukV1uBjLXfCQSNMbWGRRu5lWKLRPzDVuYin31KKjv6rql9+pd8hwCfGnKR6FaA==",
      "requires": {
        "@syncfusion/ej2-base": "~18.4.30",
        "@syncfusion/ej2-buttons": "~18.4.30",
        "@syncfusion/ej2-data": "~18.4.30",
        "@syncfusion/ej2-grids": "~18.4.30",
        "@syncfusion/ej2-inputs": "~18.4.30",
        "@syncfusion/ej2-layouts": "~18.4.30",
        "@syncfusion/ej2-lists": "~18.4.30",
        "@syncfusion/ej2-navigations": "~18.4.30",
        "@syncfusion/ej2-popups": "~18.4.30",
        "@syncfusion/ej2-splitbuttons": "~18.4.30",
        "selenium-webdriver": "^4.0.0-alpha.1"
      }
    },
    "@syncfusion/ej2-grids": {
      "version": "18.4.31",
      "resolved": "https://registry.npmjs.org/@syncfusion/ej2-grids/-/ej2-grids-18.4.31.tgz",
      "integrity": "sha512-sF3+V5qsDTetYMs2ZVm/ETeGAP0iweGBnDntNFaEs01LswKmHIe9w86Qx9aD7eWVt0m59scuRs0d+Johm7vw2Q==",
      "requires": {
        "@syncfusion/ej2-base": "~18.4.31",
        "@syncfusion/ej2-buttons": "~18.4.30",
        "@syncfusion/ej2-calendars": "~18.4.31",
        "@syncfusion/ej2-compression": "~18.4.30",
        "@syncfusion/ej2-data": "~18.4.30",
        "@syncfusion/ej2-dropdowns": "~18.4.31",
        "@syncfusion/ej2-excel-export": "~18.4.30",
        "@syncfusion/ej2-file-utils": "~18.4.30",
        "@syncfusion/ej2-inputs": "~18.4.31",
        "@syncfusion/ej2-lists": "~18.4.30",
        "@syncfusion/ej2-navigations": "~18.4.31",
        "@syncfusion/ej2-pdf-export": "~18.4.30",
        "@syncfusion/ej2-popups": "~18.4.30",
        "@syncfusion/ej2-splitbuttons": "~18.4.31"
      }
    },
    "@syncfusion/ej2-icons": {
      "version": "18.4.30",
      "resolved": "https://registry.npmjs.org/@syncfusion/ej2-icons/-/ej2-icons-18.4.30.tgz",
      "integrity": "sha512-kUSNE0xglgwXdIsfXFpa4so9hLRUkvxEsSbZIZhhrJrc7Z8Y3Y7O8HUM9+rIJzY6cLG8KWy+A8tBO9qVADujfQ=="
    },
    "@syncfusion/ej2-inputs": {
      "version": "18.4.31",
      "resolved": "https://registry.npmjs.org/@syncfusion/ej2-inputs/-/ej2-inputs-18.4.31.tgz",
      "integrity": "sha512-I61oUtvrFb572yTrN3cdf99MU3i4Z1eOXqfBJrsyKc9kMGKYGXmqECJK6Zvu0+Z2gvHq8og0EbgO8WzGlNccug==",
      "requires": {
        "@syncfusion/ej2-base": "~18.4.31",
        "@syncfusion/ej2-buttons": "~18.4.30",
        "@syncfusion/ej2-popups": "~18.4.30",
        "@syncfusion/ej2-splitbuttons": "~18.4.31"
      }
    },
    "@syncfusion/ej2-layouts": {
      "version": "18.4.30",
      "resolved": "https://registry.npmjs.org/@syncfusion/ej2-layouts/-/ej2-layouts-18.4.30.tgz",
      "integrity": "sha512-0VoB72RTX7kR483ZadC/oFuleYFW1vRe3W7qoqSnrHML32m3yJQ9ei8B0JpvRI08g5xj7WXjNF8r+29c876Xaw==",
      "requires": {
        "@syncfusion/ej2-base": "~18.4.30"
      }
    },
    "@syncfusion/ej2-lists": {
      "version": "18.4.30",
      "resolved": "https://registry.npmjs.org/@syncfusion/ej2-lists/-/ej2-lists-18.4.30.tgz",
      "integrity": "sha512-y9K33QyxHw9k/CcjtJUlgsegHyBQjkJcG+Q/+kWICTkn9PtgjZbhG8ipmgHMV59WAy4v8G4eOR1Aw2APZlPMLw==",
      "requires": {
        "@syncfusion/ej2-base": "~18.4.30",
        "@syncfusion/ej2-buttons": "~18.4.30",
        "@syncfusion/ej2-data": "~18.4.30"
      }
    },
    "@syncfusion/ej2-navigations": {
      "version": "18.4.31",
      "resolved": "https://registry.npmjs.org/@syncfusion/ej2-navigations/-/ej2-navigations-18.4.31.tgz",
      "integrity": "sha512-jq1BsnsH8wX7KkPeSscU+mdA/1KmRZho8Ks8lny+K15pvIOuRsehtqLGBXi8Fav46MIXIFz9TZ7Vrhpo/PyzDA==",
      "requires": {
        "@syncfusion/ej2-base": "~18.4.31",
        "@syncfusion/ej2-buttons": "~18.4.30",
        "@syncfusion/ej2-data": "~18.4.30",
        "@syncfusion/ej2-inputs": "~18.4.31",
        "@syncfusion/ej2-lists": "~18.4.30",
        "@syncfusion/ej2-popups": "~18.4.30"
      }
    },
    "@syncfusion/ej2-pdf-export": {
      "version": "18.4.30",
      "resolved": "https://registry.npmjs.org/@syncfusion/ej2-pdf-export/-/ej2-pdf-export-18.4.30.tgz",
      "integrity": "sha512-rDltaJtGcF0lPOK4ZbKt6pLW2GvLeGwKYvUfxcHajOTsv7XxwfWVZsKIAws2MLqwZ8ZRZnAXfLzJTmgtjmdt9A==",
      "requires": {
        "@syncfusion/ej2-compression": "~18.4.30"
      }
    },
    "@syncfusion/ej2-popups": {
      "version": "18.4.30",
      "resolved": "https://registry.npmjs.org/@syncfusion/ej2-popups/-/ej2-popups-18.4.30.tgz",
      "integrity": "sha512-APNzfUuWkM5lywV6/+/DYQGePMj/JhoAlrYI9OO8GNSMZj8xtSnWSkybUVLJyIgPQfh5B3YP7TsV1bjTC6fhXg==",
      "requires": {
        "@syncfusion/ej2-base": "~18.4.30",
        "@syncfusion/ej2-buttons": "~18.4.30"
      }
    },
    "@syncfusion/ej2-splitbuttons": {
      "version": "18.4.31",
      "resolved": "https://registry.npmjs.org/@syncfusion/ej2-splitbuttons/-/ej2-splitbuttons-18.4.31.tgz",
      "integrity": "sha512-GJ/eaWCCNZlWoTXWO4u9Nax6e0pgGObowJ2kk+E8l6PfYXSp3w99ze7pwmRXxSaSWXwBL1jxY4j4GD6ewoyNNg==",
      "requires": {
        "@syncfusion/ej2-base": "~18.4.31",
        "@syncfusion/ej2-popups": "~18.4.30"
      }
    },
    "anymatch": {
      "version": "3.1.1",
      "resolved": "https://registry.npmjs.org/anymatch/-/anymatch-3.1.1.tgz",
      "integrity": "sha512-mM8522psRCqzV+6LhomX5wgp25YVibjh8Wj23I5RPkPppSVSjyKD2A2mBJmWGa+KN7f2D6LNh9jkBCeyLktzjg==",
      "dev": true,
      "requires": {
        "normalize-path": "^3.0.0",
        "picomatch": "^2.0.4"
      }
    },
    "balanced-match": {
      "version": "1.0.0",
      "resolved": "https://registry.npmjs.org/balanced-match/-/balanced-match-1.0.0.tgz",
      "integrity": "sha1-ibTRmasr7kneFk6gK4nORi1xt2c="
    },
    "binary-extensions": {
      "version": "2.2.0",
      "resolved": "https://registry.npmjs.org/binary-extensions/-/binary-extensions-2.2.0.tgz",
      "integrity": "sha512-jDctJ/IVQbZoJykoeHbhXpOlNBqGNcwXJKJog42E5HDPUwQTSdjCHdihjj0DlnheQ7blbT6dHOafNAiS8ooQKA==",
      "dev": true
    },
    "brace-expansion": {
      "version": "1.1.11",
      "resolved": "https://registry.npmjs.org/brace-expansion/-/brace-expansion-1.1.11.tgz",
      "integrity": "sha512-iCuPHDFgrHX7H2vEI/5xpz07zSHB00TpugqhmYtVmMO6518mCuRMoOYFldEBl0g187ufozdaHgWKcYFb61qGiA==",
      "requires": {
        "balanced-match": "^1.0.0",
        "concat-map": "0.0.1"
      }
    },
    "braces": {
      "version": "3.0.2",
      "resolved": "https://registry.npmjs.org/braces/-/braces-3.0.2.tgz",
      "integrity": "sha512-b8um+L1RzM3WDSzvhm6gIz1yfTbBt6YTlcEKAvsmqCZZFw46z626lVj9j1yEPW33H5H+lBQpZMP1k8l+78Ha0A==",
      "dev": true,
      "requires": {
        "fill-range": "^7.0.1"
      }
    },
    "chokidar": {
      "version": "3.5.1",
      "resolved": "https://registry.npmjs.org/chokidar/-/chokidar-3.5.1.tgz",
      "integrity": "sha512-9+s+Od+W0VJJzawDma/gvBNQqkTiqYTWLuZoyAsivsI4AaWTCzHG06/TMjsf1cYe9Cb97UCEhjz7HvnPk2p/tw==",
      "dev": true,
      "requires": {
        "anymatch": "~3.1.1",
        "braces": "~3.0.2",
        "fsevents": "~2.3.1",
        "glob-parent": "~5.1.0",
        "is-binary-path": "~2.1.0",
        "is-glob": "~4.0.1",
        "normalize-path": "~3.0.0",
        "readdirp": "~3.5.0"
      }
    },
    "concat-map": {
      "version": "0.0.1",
      "resolved": "https://registry.npmjs.org/concat-map/-/concat-map-0.0.1.tgz",
      "integrity": "sha1-2Klr13/Wjfd5OnMDajug1UBdR3s="
    },
    "core-util-is": {
      "version": "1.0.2",
      "resolved": "https://registry.npmjs.org/core-util-is/-/core-util-is-1.0.2.tgz",
      "integrity": "sha1-tf1UIgqivFq1eqtxQMlAdUUDwac="
    },
    "fill-range": {
      "version": "7.0.1",
      "resolved": "https://registry.npmjs.org/fill-range/-/fill-range-7.0.1.tgz",
      "integrity": "sha512-qOo9F+dMUmC2Lcb4BbVvnKJxTPjCm+RRpe4gDuGrzkL7mEVl/djYSu2OdQ2Pa302N4oqkSg9ir6jaLWJ2USVpQ==",
      "dev": true,
      "requires": {
        "to-regex-range": "^5.0.1"
      }
    },
    "fs.realpath": {
      "version": "1.0.0",
      "resolved": "https://registry.npmjs.org/fs.realpath/-/fs.realpath-1.0.0.tgz",
      "integrity": "sha1-FQStJSMVjKpA20onh8sBQRmU6k8="
    },
    "fsevents": {
      "version": "2.3.1",
      "resolved": "https://registry.npmjs.org/fsevents/-/fsevents-2.3.1.tgz",
      "integrity": "sha512-YR47Eg4hChJGAB1O3yEAOkGO+rlzutoICGqGo9EZ4lKWokzZRSyIW1QmTzqjtw8MJdj9srP869CuWw/hyzSiBw==",
      "dev": true,
      "optional": true
    },
    "glob": {
      "version": "7.1.6",
      "resolved": "https://registry.npmjs.org/glob/-/glob-7.1.6.tgz",
      "integrity": "sha512-LwaxwyZ72Lk7vZINtNNrywX0ZuLyStrdDtabefZKAY5ZGJhVtgdznluResxNmPitE0SAO+O26sWTHeKSI2wMBA==",
      "requires": {
        "fs.realpath": "^1.0.0",
        "inflight": "^1.0.4",
        "inherits": "2",
        "minimatch": "^3.0.4",
        "once": "^1.3.0",
        "path-is-absolute": "^1.0.0"
      }
    },
    "glob-parent": {
      "version": "5.1.1",
      "resolved": "https://registry.npmjs.org/glob-parent/-/glob-parent-5.1.1.tgz",
      "integrity": "sha512-FnI+VGOpnlGHWZxthPGR+QhR78fuiK0sNLkHQv+bL9fQi57lNNdquIbna/WrfROrolq8GK5Ek6BiMwqL/voRYQ==",
      "dev": true,
      "requires": {
        "is-glob": "^4.0.1"
      }
    },
    "immediate": {
      "version": "3.0.6",
      "resolved": "https://registry.npmjs.org/immediate/-/immediate-3.0.6.tgz",
      "integrity": "sha1-nbHb0Pr43m++D13V5Wu2BigN5ps="
    },
    "inflight": {
      "version": "1.0.6",
      "resolved": "https://registry.npmjs.org/inflight/-/inflight-1.0.6.tgz",
      "integrity": "sha1-Sb1jMdfQLQwJvJEKEHW6gWW1bfk=",
      "requires": {
        "once": "^1.3.0",
        "wrappy": "1"
      }
    },
    "inherits": {
      "version": "2.0.4",
      "resolved": "https://registry.npmjs.org/inherits/-/inherits-2.0.4.tgz",
      "integrity": "sha512-k/vGaX4/Yla3WzyMCvTQOXYeIHvqOKtnqBduzTHpzpQZzAskKMhZ2K+EnBiSM9zGSoIFeMpXKxa4dYeZIQqewQ=="
    },
    "is-binary-path": {
      "version": "2.1.0",
      "resolved": "https://registry.npmjs.org/is-binary-path/-/is-binary-path-2.1.0.tgz",
      "integrity": "sha512-ZMERYes6pDydyuGidse7OsHxtbI7WVeUEozgR/g7rd0xUimYNlvZRE/K2MgZTjWy725IfelLeVcEM97mmtRGXw==",
      "dev": true,
      "requires": {
        "binary-extensions": "^2.0.0"
      }
    },
    "is-extglob": {
      "version": "2.1.1",
      "resolved": "https://registry.npmjs.org/is-extglob/-/is-extglob-2.1.1.tgz",
      "integrity": "sha1-qIwCU1eR8C7TfHahueqXc8gz+MI=",
      "dev": true
    },
    "is-glob": {
      "version": "4.0.1",
      "resolved": "https://registry.npmjs.org/is-glob/-/is-glob-4.0.1.tgz",
      "integrity": "sha512-5G0tKtBTFImOqDnLB2hG6Bp2qcKEFduo4tZu9MT/H6NQv/ghhy30o55ufafxJ/LdH79LLs2Kfrn85TLKyA7BUg==",
      "dev": true,
      "requires": {
        "is-extglob": "^2.1.1"
      }
    },
    "is-number": {
      "version": "7.0.0",
      "resolved": "https://registry.npmjs.org/is-number/-/is-number-7.0.0.tgz",
      "integrity": "sha512-41Cifkg6e8TylSpdtTpeLVMqvSBEVzTttHvERD741+pnZ8ANv0004MRL43QKPDlK9cGvNp6NZWZUBlbGXYxxng==",
      "dev": true
    },
    "isarray": {
      "version": "1.0.0",
      "resolved": "https://registry.npmjs.org/isarray/-/isarray-1.0.0.tgz",
      "integrity": "sha1-u5NdSFgsuhaMBoNJV6VKPgcSTxE="
    },
    "jszip": {
      "version": "3.5.0",
      "resolved": "https://registry.npmjs.org/jszip/-/jszip-3.5.0.tgz",
      "integrity": "sha512-WRtu7TPCmYePR1nazfrtuF216cIVon/3GWOvHS9QR5bIwSbnxtdpma6un3jyGGNhHsKCSzn5Ypk+EkDRvTGiFA==",
      "requires": {
        "lie": "~3.3.0",
        "pako": "~1.0.2",
        "readable-stream": "~2.3.6",
        "set-immediate-shim": "~1.0.1"
      }
    },
    "lie": {
      "version": "3.3.0",
      "resolved": "https://registry.npmjs.org/lie/-/lie-3.3.0.tgz",
      "integrity": "sha512-UaiMJzeWRlEujzAuw5LokY1L5ecNQYZKfmyZ9L7wDHb/p5etKaxXhohBcrw0EYby+G/NA52vRSN4N39dxHAIwQ==",
      "requires": {
        "immediate": "~3.0.5"
      }
    },
    "minimatch": {
      "version": "3.0.4",
      "resolved": "https://registry.npmjs.org/minimatch/-/minimatch-3.0.4.tgz",
      "integrity": "sha512-yJHVQEhyqPLUTgt9B83PXu6W3rx4MvvHvSUvToogpwoGDOUQ+yDrR0HRot+yOCdCO7u4hX3pWft6kWBBcqh0UA==",
      "requires": {
        "brace-expansion": "^1.1.7"
      }
    },
    "normalize-path": {
      "version": "3.0.0",
      "resolved": "https://registry.npmjs.org/normalize-path/-/normalize-path-3.0.0.tgz",
      "integrity": "sha512-6eZs5Ls3WtCisHWp9S2GUy8dqkpGi4BVSz3GaqiE6ezub0512ESztXUwUB6C6IKbQkY2Pnb/mD4WYojCRwcwLA==",
      "dev": true
    },
    "once": {
      "version": "1.4.0",
      "resolved": "https://registry.npmjs.org/once/-/once-1.4.0.tgz",
      "integrity": "sha1-WDsap3WWHUsROsF9nFC6753Xa9E=",
      "requires": {
        "wrappy": "1"
      }
    },
    "pako": {
      "version": "1.0.11",
      "resolved": "https://registry.npmjs.org/pako/-/pako-1.0.11.tgz",
      "integrity": "sha512-4hLB8Py4zZce5s4yd9XzopqwVv/yGNhV1Bl8NTmCq1763HeK2+EwVTv+leGeL13Dnh2wfbqowVPXCIO0z4taYw=="
    },
    "path-is-absolute": {
      "version": "1.0.1",
      "resolved": "https://registry.npmjs.org/path-is-absolute/-/path-is-absolute-1.0.1.tgz",
      "integrity": "sha1-F0uSaHNVNP+8es5r9TpanhtcX18="
    },
    "picomatch": {
      "version": "2.2.2",
      "resolved": "https://registry.npmjs.org/picomatch/-/picomatch-2.2.2.tgz",
      "integrity": "sha512-q0M/9eZHzmr0AulXyPwNfZjtwZ/RBZlbN3K3CErVrk50T2ASYI7Bye0EvekFY3IP1Nt2DHu0re+V2ZHIpMkuWg==",
      "dev": true
    },
    "process-nextick-args": {
      "version": "2.0.1",
      "resolved": "https://registry.npmjs.org/process-nextick-args/-/process-nextick-args-2.0.1.tgz",
      "integrity": "sha512-3ouUOpQhtgrbOa17J7+uxOTpITYWaGP7/AhoR3+A+/1e9skrzelGi/dXzEYyvbxubEF6Wn2ypscTKiKJFFn1ag=="
    },
    "readable-stream": {
      "version": "2.3.7",
      "resolved": "https://registry.npmjs.org/readable-stream/-/readable-stream-2.3.7.tgz",
      "integrity": "sha512-Ebho8K4jIbHAxnuxi7o42OrZgF/ZTNcsZj6nRKyUmkhLFq8CHItp/fy6hQZuZmP/n3yZ9VBUbp4zz/mX8hmYPw==",
      "requires": {
        "core-util-is": "~1.0.0",
        "inherits": "~2.0.3",
        "isarray": "~1.0.0",
        "process-nextick-args": "~2.0.0",
        "safe-buffer": "~5.1.1",
        "string_decoder": "~1.1.1",
        "util-deprecate": "~1.0.1"
      }
    },
    "readdirp": {
      "version": "3.5.0",
      "resolved": "https://registry.npmjs.org/readdirp/-/readdirp-3.5.0.tgz",
      "integrity": "sha512-cMhu7c/8rdhkHXWsY+osBhfSy0JikwpHK/5+imo+LpeasTF8ouErHrlYkwT0++njiyuDvc7OFY5T3ukvZ8qmFQ==",
      "dev": true,
      "requires": {
        "picomatch": "^2.2.1"
      }
    },
    "rimraf": {
      "version": "2.7.1",
      "resolved": "https://registry.npmjs.org/rimraf/-/rimraf-2.7.1.tgz",
      "integrity": "sha512-uWjbaKIK3T1OSVptzX7Nl6PvQ3qAGtKEtVRjRuazjfL3Bx5eI409VZSqgND+4UNnmzLVdPj9FqFJNPqBZFve4w==",
      "requires": {
        "glob": "^7.1.3"
      }
    },
    "safe-buffer": {
      "version": "5.1.2",
      "resolved": "https://registry.npmjs.org/safe-buffer/-/safe-buffer-5.1.2.tgz",
      "integrity": "sha512-Gd2UZBJDkXlY7GbJxfsE8/nvKkUEU1G38c1siN6QP6a9PT9MmHB8GnpscSmMJSoF8LOIrt8ud/wPtojys4G6+g=="
    },
    "sass": {
      "version": "1.32.5",
      "resolved": "https://registry.npmjs.org/sass/-/sass-1.32.5.tgz",
      "integrity": "sha512-kU1yJ5zUAmPxr7f3q0YXTAd1oZjSR1g3tYyv+xu0HZSl5JiNOaE987eiz7wCUvbm4I9fGWGU2TgApTtcP4GMNQ==",
      "dev": true,
      "requires": {
        "chokidar": ">=2.0.0 <4.0.0"
      }
    },
    "selenium-webdriver": {
      "version": "4.0.0-alpha.8",
      "resolved": "https://registry.npmjs.org/selenium-webdriver/-/selenium-webdriver-4.0.0-alpha.8.tgz",
      "integrity": "sha512-yPSaiWySZTEbxuuWQMDqdXh3H3N4Aiw/bSUjpkKMPWWCysfPqUncrq6FewBqdxWD1wQKzy5yWaQMGsgTY/0rCQ==",
      "requires": {
        "jszip": "^3.5.0",
        "rimraf": "^2.7.1",
        "tmp": "^0.1.0",
        "ws": "^7.3.1"
      }
    },
    "set-immediate-shim": {
      "version": "1.0.1",
      "resolved": "https://registry.npmjs.org/set-immediate-shim/-/set-immediate-shim-1.0.1.tgz",
      "integrity": "sha1-SysbJ+uAip+NzEgaWOXlb1mfP2E="
    },
    "string_decoder": {
      "version": "1.1.1",
      "resolved": "https://registry.npmjs.org/string_decoder/-/string_decoder-1.1.1.tgz",
      "integrity": "sha512-n/ShnvDi6FHbbVfviro+WojiFzv+s8MPMHBczVePfUpDJLwoLT0ht1l4YwBCbi8pJAveEEdnkHyPyTP/mzRfwg==",
      "requires": {
        "safe-buffer": "~5.1.0"
      }
    },
    "tmp": {
      "version": "0.1.0",
      "resolved": "https://registry.npmjs.org/tmp/-/tmp-0.1.0.tgz",
      "integrity": "sha512-J7Z2K08jbGcdA1kkQpJSqLF6T0tdQqpR2pnSUXsIchbPdTI9v3e85cLW0d6WDhwuAleOV71j2xWs8qMPfK7nKw==",
      "requires": {
        "rimraf": "^2.6.3"
      }
    },
    "to-regex-range": {
      "version": "5.0.1",
      "resolved": "https://registry.npmjs.org/to-regex-range/-/to-regex-range-5.0.1.tgz",
      "integrity": "sha512-65P7iz6X5yEr1cwcgvQxbbIw7Uk3gOy5dIdtZ4rDveLqhrdJP+Li/Hx6tyK0NEb+2GCyneCMJiGqrADCSNk8sQ==",
      "dev": true,
      "requires": {
        "is-number": "^7.0.0"
      }
    },
    "util-deprecate": {
      "version": "1.0.2",
      "resolved": "https://registry.npmjs.org/util-deprecate/-/util-deprecate-1.0.2.tgz",
      "integrity": "sha1-RQ1Nyfpw3nMnYvvS1KKJgUGaDM8="
    },
    "wrappy": {
      "version": "1.0.2",
      "resolved": "https://registry.npmjs.org/wrappy/-/wrappy-1.0.2.tgz",
      "integrity": "sha1-tSQ9jz7BqjXxNkYFvA0QNuMKtp8="
    },
    "ws": {
      "version": "7.4.1",
      "resolved": "https://registry.npmjs.org/ws/-/ws-7.4.1.tgz",
      "integrity": "sha512-pTsP8UAfhy3sk1lSk/O/s4tjD0CRwvMnzvwr4OKGX7ZvqZtUyx4KIJB5JWbkykPoc55tixMGgTNoh3k4FkNGFQ=="
    }
  }
}
